
Microsoft Visual Studio Solution File, Format Version 12.00
# Visual Studio 15
VisualStudioVersion = 15.0.27130.2036
MinimumVisualStudioVersion = 10.0.40219.1
Project("{FAE04EC0-301F-11D3-BF4B-00C04F79EFBC}") = "GifToC64Sprites", "GifToC64Sprites\GifToC64Sprites.csproj", "{C9F26B0B-FC3F-4D64-B2B2-04D280014AD7}"
EndProject
Project("{FAE04EC0-301F-11D3-BF4B-00C04F79EFBC}") = "GifToC64Sprites.Tests", "GifToC64Sprites.Tests\GifToC64Sprites.Tests.csproj", "{46BD3DE9-BA82-4A4D-BF99-A029105A0EED}"
EndProject
Project("{2150E333-8FDC-42A3-9474-1A3956D46DE8}") = "Solution Items", "Solution Items", "{A4414586-EE40-42D2-874F-43BDC07505D3}"
	ProjectSection(SolutionItems) = preProject
		.gitignore = .gitignore
		readme.md = readme.md
	EndProjectSection
EndProject
Global
	GlobalSection(SolutionConfigurationPlatforms) = preSolution
		Debug|Any CPU = Debug|Any CPU
		Release|Any CPU = Release|Any CPU
	EndGlobalSection
	GlobalSection(ProjectConfigurationPlatforms) = postSolution
		{C9F26B0B-FC3F-4D64-B2B2-04D280014AD7}.Debug|Any CPU.ActiveCfg = Debug|Any CPU
		{C9F26B0B-FC3F-4D64-B2B2-04D280014AD7}.Debug|Any CPU.Build.0 = Debug|Any CPU
		{C9F26B0B-FC3F-4D64-B2B2-04D280014AD7}.Release|Any CPU.ActiveCfg = Release|Any CPU
		{C9F26B0B-FC3F-4D64-B2B2-04D280014AD7}.Release|Any CPU.Build.0 = Release|Any CPU
		{46BD3DE9-BA82-4A4D-BF99-A029105A0EED}.Debug|Any CPU.ActiveCfg = Debug|Any CPU
		{46BD3DE9-BA82-4A4D-BF99-A029105A0EED}.Debug|Any CPU.Build.0 = Debug|Any CPU
		{46BD3DE9-BA82-4A4D-BF99-A029105A0EED}.Release|Any CPU.ActiveCfg = Release|Any CPU
		{46BD3DE9-BA82-4A4D-BF99-A029105A0EED}.Release|Any CPU.Build.0 = Release|Any CPU
	EndGlobalSection
	GlobalSection(SolutionProperties) = preSolution
		HideSolutionNode = FALSE
	EndGlobalSection
	GlobalSection(ExtensibilityGlobals) = postSolution
		SolutionGuid = {C324667A-F60C-4C1A-AD34-3E97DCB87592}
	EndGlobalSection
EndGlobal
